
Microsoft Visual Studio Solution File, Format Version 12.00
# Visual Studio Version 16
VisualStudioVersion = 16.0.30907.101
MinimumVisualStudioVersion = 10.0.40219.1
Project("{FAE04EC0-301F-11D3-BF4B-00C04F79EFBC}") = "BS-T04-HOL_001", "BS-T04-HOL_001.csproj", "{28B26844-0640-4B36-A756-70A26387FEF1}"
EndProject
Global
	GlobalSection(SolutionConfigurationPlatforms) = preSolution
		Debug|Any CPU = Debug|Any CPU
		Release|Any CPU = Release|Any CPU
	EndGlobalSection
	GlobalSection(ProjectConfigurationPlatforms) = postSolution
		{28B26844-0640-4B36-A756-70A26387FEF1}.Debug|Any CPU.ActiveCfg = Debug|Any CPU
		{28B26844-0640-4B36-A756-70A26387FEF1}.Debug|Any CPU.Build.0 = Debug|Any CPU
		{28B26844-0640-4B36-A756-70A26387FEF1}.Release|Any CPU.ActiveCfg = Release|Any CPU
		{28B26844-0640-4B36-A756-70A26387FEF1}.Release|Any CPU.Build.0 = Release|Any CPU
	EndGlobalSection
	GlobalSection(SolutionProperties) = preSolution
		HideSolutionNode = FALSE
	EndGlobalSection
	GlobalSection(ExtensibilityGlobals) = postSolution
		SolutionGuid = {3653FDFC-8462-4062-9940-3A67BA99FBAD}
	EndGlobalSection
EndGlobal
